{
  "name": "galerie-docs",
  "version": "0.0.1",
  "lockfileVersion": 1,
  "requires": true,
  "dependencies": {
    "@vuepress/plugin-medium-zoom": {
      "version": "1.8.2",
      "resolved": "https://registry.npmjs.org/@vuepress/plugin-medium-zoom/-/plugin-medium-zoom-1.8.2.tgz",
      "integrity": "sha512-Mljso/8E6IbNmIKmwKeC6FDfnhKY3fsOUSs5kEGzz3RQwd54eshqHAMRVwW4LZkYZHhwQXF8+qk7YqoMZB7jjg==",
      "dev": true,
      "requires": {
        "medium-zoom": "^1.0.4"
      }
    },
    "medium-zoom": {
      "version": "1.0.6",
      "resolved": "https://registry.npmjs.org/medium-zoom/-/medium-zoom-1.0.6.tgz",
      "integrity": "sha512-UdiUWfvz9fZMg1pzf4dcuqA0W079o0mpqbTnOz5ip4VGYX96QjmbM+OgOU/0uOzAytxC0Ny4z+VcYQnhdifimg==",
      "dev": true
    }
  }
}
